
Microsoft Visual Studio Solution File, Format Version 12.00
# Visual Studio 15
VisualStudioVersion = 15.0.27703.2026
MinimumVisualStudioVersion = 10.0.40219.1
Project("{FAE04EC0-301F-11D3-BF4B-00C04F79EFBC}") = "ConsoleDisplay", "ConsoleDisplay\ConsoleDisplay.csproj", "{20041EAD-4E52-4343-8E6B-A9292E951760}"
EndProject
Project("{FAE04EC0-301F-11D3-BF4B-00C04F79EFBC}") = "HeroesAndCreatures", "HeroesAndCreatures\HeroesAndCreatures.csproj", "{3D193237-0F82-41BC-B3BC-3CC3C0544E99}"
EndProject
Project("{FAE04EC0-301F-11D3-BF4B-00C04F79EFBC}") = "ConsoleLauncher", "ConsoleLauncher\ConsoleLauncher.csproj", "{4B32BC9C-E9A5-4663-9F29-BC07C0803AB5}"
EndProject
Project("{FAE04EC0-301F-11D3-BF4B-00C04F79EFBC}") = "HeroesAndCreatureUnitTesting", "HeroesAndCreatureUnitTesting\HeroesAndCreatureUnitTesting.csproj", "{0D40C240-2091-4759-8E54-0852673E444C}"
EndProject
Global
	GlobalSection(SolutionConfigurationPlatforms) = preSolution
		Debug|Any CPU = Debug|Any CPU
		Release|Any CPU = Release|Any CPU
	EndGlobalSection
	GlobalSection(ProjectConfigurationPlatforms) = postSolution
		{20041EAD-4E52-4343-8E6B-A9292E951760}.Debug|Any CPU.ActiveCfg = Debug|Any CPU
		{20041EAD-4E52-4343-8E6B-A9292E951760}.Debug|Any CPU.Build.0 = Debug|Any CPU
		{20041EAD-4E52-4343-8E6B-A9292E951760}.Release|Any CPU.ActiveCfg = Release|Any CPU
		{20041EAD-4E52-4343-8E6B-A9292E951760}.Release|Any CPU.Build.0 = Release|Any CPU
		{3D193237-0F82-41BC-B3BC-3CC3C0544E99}.Debug|Any CPU.ActiveCfg = Debug|Any CPU
		{3D193237-0F82-41BC-B3BC-3CC3C0544E99}.Debug|Any CPU.Build.0 = Debug|Any CPU
		{3D193237-0F82-41BC-B3BC-3CC3C0544E99}.Release|Any CPU.ActiveCfg = Release|Any CPU
		{3D193237-0F82-41BC-B3BC-3CC3C0544E99}.Release|Any CPU.Build.0 = Release|Any CPU
		{4B32BC9C-E9A5-4663-9F29-BC07C0803AB5}.Debug|Any CPU.ActiveCfg = Debug|Any CPU
		{4B32BC9C-E9A5-4663-9F29-BC07C0803AB5}.Debug|Any CPU.Build.0 = Debug|Any CPU
		{4B32BC9C-E9A5-4663-9F29-BC07C0803AB5}.Release|Any CPU.ActiveCfg = Release|Any CPU
		{4B32BC9C-E9A5-4663-9F29-BC07C0803AB5}.Release|Any CPU.Build.0 = Release|Any CPU
		{0D40C240-2091-4759-8E54-0852673E444C}.Debug|Any CPU.ActiveCfg = Debug|Any CPU
		{0D40C240-2091-4759-8E54-0852673E444C}.Debug|Any CPU.Build.0 = Debug|Any CPU
		{0D40C240-2091-4759-8E54-0852673E444C}.Release|Any CPU.ActiveCfg = Release|Any CPU
		{0D40C240-2091-4759-8E54-0852673E444C}.Release|Any CPU.Build.0 = Release|Any CPU
	EndGlobalSection
	GlobalSection(SolutionProperties) = preSolution
		HideSolutionNode = FALSE
	EndGlobalSection
	GlobalSection(ExtensibilityGlobals) = postSolution
		SolutionGuid = {E2689B6B-C982-4D81-A448-446642381B44}
	EndGlobalSection
EndGlobal
